
Microsoft Visual Studio Solution File, Format Version 12.00
# Visual Studio Version 17
VisualStudioVersion = 17.8.34330.188
MinimumVisualStudioVersion = 10.0.40219.1
Project("{FAE04EC0-301F-11D3-BF4B-00C04F79EFBC}") = "ShowXP", "ShowXP\ShowXP.csproj", "{F84412AA-6FEB-4DED-A905-CC91F567C667}"
EndProject
Global
	GlobalSection(SolutionConfigurationPlatforms) = preSolution
		Debug|Any CPU = Debug|Any CPU
		Release|Any CPU = Release|Any CPU
	EndGlobalSection
	GlobalSection(ProjectConfigurationPlatforms) = postSolution
		{F84412AA-6FEB-4DED-A905-CC91F567C667}.Debug|Any CPU.ActiveCfg = Debug|Any CPU
		{F84412AA-6FEB-4DED-A905-CC91F567C667}.Debug|Any CPU.Build.0 = Debug|Any CPU
		{F84412AA-6FEB-4DED-A905-CC91F567C667}.Release|Any CPU.ActiveCfg = Release|Any CPU
		{F84412AA-6FEB-4DED-A905-CC91F567C667}.Release|Any CPU.Build.0 = Release|Any CPU
	EndGlobalSection
	GlobalSection(SolutionProperties) = preSolution
		HideSolutionNode = FALSE
	EndGlobalSection
	GlobalSection(ExtensibilityGlobals) = postSolution
		SolutionGuid = {A083D423-04E5-4B7B-9B4A-F3D7C9057491}
	EndGlobalSection
EndGlobal
